
Microsoft Visual Studio Solution File, Format Version 12.00
# Visual Studio Version 17
VisualStudioVersion = 17.11.35312.102
MinimumVisualStudioVersion = 10.0.40219.1
Project("{9A19103F-16F7-4668-BE54-9A1E7A4F7556}") = "InstallmentManager", "InstallmentManager\InstallmentManager.csproj", "{F6E75A9A-2C01-473E-9CC8-EDBF7AD69440}"
EndProject
Project("{9A19103F-16F7-4668-BE54-9A1E7A4F7556}") = "InstallmentManager.Domain", "InstallmentManager.Domain\InstallmentManager.Domain.csproj", "{ACFB1CDC-F401-4BCF-807F-B476C5D34315}"
EndProject
Project("{9A19103F-16F7-4668-BE54-9A1E7A4F7556}") = "InstallmentManager.Infraestructure.Data", "InstallmentManager.Infraestructure.Data\InstallmentManager.Infraestructure.Data.csproj", "{6D7471CD-EDBF-410A-B12B-B2DA70E83D2C}"
EndProject
Project("{9A19103F-16F7-4668-BE54-9A1E7A4F7556}") = "InstallmentManager.Infraestructure.IoC", "InstallmentManager.Infraestructure.IoC\InstallmentManager.Infraestructure.IoC.csproj", "{0C055726-594D-465D-A106-36829D315BD0}"
EndProject
Project("{9A19103F-16F7-4668-BE54-9A1E7A4F7556}") = "InstallmentManager.Application", "InstallmentManager.Application\InstallmentManager.Application.csproj", "{322F9521-44DB-45B8-92F5-AD047621434F}"
EndProject
Project("{FAE04EC0-301F-11D3-BF4B-00C04F79EFBC}") = "InstallmentManager.Infraestructure.Security", "InstallmentManager.Infraestructure.Security\InstallmentManager.Infraestructure.Security.csproj", "{6B26A7A8-2AB6-4DDF-A254-658AD12741C8}"
EndProject
Global
	GlobalSection(SolutionConfigurationPlatforms) = preSolution
		Debug|Any CPU = Debug|Any CPU
		Release|Any CPU = Release|Any CPU
	EndGlobalSection
	GlobalSection(ProjectConfigurationPlatforms) = postSolution
		{F6E75A9A-2C01-473E-9CC8-EDBF7AD69440}.Debug|Any CPU.ActiveCfg = Debug|Any CPU
		{F6E75A9A-2C01-473E-9CC8-EDBF7AD69440}.Debug|Any CPU.Build.0 = Debug|Any CPU
		{F6E75A9A-2C01-473E-9CC8-EDBF7AD69440}.Release|Any CPU.ActiveCfg = Release|Any CPU
		{F6E75A9A-2C01-473E-9CC8-EDBF7AD69440}.Release|Any CPU.Build.0 = Release|Any CPU
		{ACFB1CDC-F401-4BCF-807F-B476C5D34315}.Debug|Any CPU.ActiveCfg = Debug|Any CPU
		{ACFB1CDC-F401-4BCF-807F-B476C5D34315}.Debug|Any CPU.Build.0 = Debug|Any CPU
		{ACFB1CDC-F401-4BCF-807F-B476C5D34315}.Release|Any CPU.ActiveCfg = Release|Any CPU
		{ACFB1CDC-F401-4BCF-807F-B476C5D34315}.Release|Any CPU.Build.0 = Release|Any CPU
		{6D7471CD-EDBF-410A-B12B-B2DA70E83D2C}.Debug|Any CPU.ActiveCfg = Debug|Any CPU
		{6D7471CD-EDBF-410A-B12B-B2DA70E83D2C}.Debug|Any CPU.Build.0 = Debug|Any CPU
		{6D7471CD-EDBF-410A-B12B-B2DA70E83D2C}.Release|Any CPU.ActiveCfg = Release|Any CPU
		{6D7471CD-EDBF-410A-B12B-B2DA70E83D2C}.Release|Any CPU.Build.0 = Release|Any CPU
		{0C055726-594D-465D-A106-36829D315BD0}.Debug|Any CPU.ActiveCfg = Debug|Any CPU
		{0C055726-594D-465D-A106-36829D315BD0}.Debug|Any CPU.Build.0 = Debug|Any CPU
		{0C055726-594D-465D-A106-36829D315BD0}.Release|Any CPU.ActiveCfg = Release|Any CPU
		{0C055726-594D-465D-A106-36829D315BD0}.Release|Any CPU.Build.0 = Release|Any CPU
		{322F9521-44DB-45B8-92F5-AD047621434F}.Debug|Any CPU.ActiveCfg = Debug|Any CPU
		{322F9521-44DB-45B8-92F5-AD047621434F}.Debug|Any CPU.Build.0 = Debug|Any CPU
		{322F9521-44DB-45B8-92F5-AD047621434F}.Release|Any CPU.ActiveCfg = Release|Any CPU
		{322F9521-44DB-45B8-92F5-AD047621434F}.Release|Any CPU.Build.0 = Release|Any CPU
		{6B26A7A8-2AB6-4DDF-A254-658AD12741C8}.Debug|Any CPU.ActiveCfg = Debug|Any CPU
		{6B26A7A8-2AB6-4DDF-A254-658AD12741C8}.Debug|Any CPU.Build.0 = Debug|Any CPU
		{6B26A7A8-2AB6-4DDF-A254-658AD12741C8}.Release|Any CPU.ActiveCfg = Release|Any CPU
		{6B26A7A8-2AB6-4DDF-A254-658AD12741C8}.Release|Any CPU.Build.0 = Release|Any CPU
	EndGlobalSection
	GlobalSection(SolutionProperties) = preSolution
		HideSolutionNode = FALSE
	EndGlobalSection
	GlobalSection(ExtensibilityGlobals) = postSolution
		SolutionGuid = {73B57C5B-48B2-48EC-81B4-3FFD596E2E51}
	EndGlobalSection
EndGlobal
